// !$*UTF8*$!
{
	archiveVersion = 1;
	classes = {
	};
	objectVersion = 46;
	objects = {

/* Begin PBXBuildFile section */
		994540841CEC09F000E3238E /* PointLineGraph.swift in Sources */ = {isa = PBXBuildFile; fileRef = 994540831CEC09F000E3238E /* PointLineGraph.swift */; };
		99530CDA1CECD1560068ACD2 /* AxisLabel.swift in Sources */ = {isa = PBXBuildFile; fileRef = 99530CD91CECD1560068ACD2 /* AxisLabel.swift */; };
		99530CDC1CECD66D0068ACD2 /* GridView.swift in Sources */ = {isa = PBXBuildFile; fileRef = 99530CDB1CECD66D0068ACD2 /* GridView.swift */; };
		99B7B2CF1CED56ED00BE4280 /* BarGraph.swift in Sources */ = {isa = PBXBuildFile; fileRef = 99B7B2CE1CED56ED00BE4280 /* BarGraph.swift */; };
		99D3C5D51CEAB760000D00AA /* AppDelegate.swift in Sources */ = {isa = PBXBuildFile; fileRef = 99D3C5D41CEAB760000D00AA /* AppDelegate.swift */; };
		99D3C5D71CEAB760000D00AA /* ViewController.swift in Sources */ = {isa = PBXBuildFile; fileRef = 99D3C5D61CEAB760000D00AA /* ViewController.swift */; };
		99D3C5DA1CEAB760000D00AA /* Main.storyboard in Resources */ = {isa = PBXBuildFile; fileRef = 99D3C5D81CEAB760000D00AA /* Main.storyboard */; };
		99D3C5DC1CEAB760000D00AA /* Assets.xcassets in Resources */ = {isa = PBXBuildFile; fileRef = 99D3C5DB1CEAB760000D00AA /* Assets.xcassets */; };
		99D3C5DF1CEAB760000D00AA /* LaunchScreen.storyboard in Resources */ = {isa = PBXBuildFile; fileRef = 99D3C5DD1CEAB760000D00AA /* LaunchScreen.storyboard */; };
/* End PBXBuildFile section */

/* Begin PBXFileReference section */
		994540831CEC09F000E3238E /* PointLineGraph.swift */ = {isa = PBXFileReference; fileEncoding = 4; lastKnownFileType = sourcecode.swift; path = PointLineGraph.swift; sourceTree = "<group>"; };
		99530CD91CECD1560068ACD2 /* AxisLabel.swift */ = {isa = PBXFileReference; fileEncoding = 4; lastKnownFileType = sourcecode.swift; path = AxisLabel.swift; sourceTree = "<group>"; };
		99530CDB1CECD66D0068ACD2 /* GridView.swift */ = {isa = PBXFileReference; fileEncoding = 4; lastKnownFileType = sourcecode.swift; path = GridView.swift; sourceTree = "<group>"; };
		99B7B2CE1CED56ED00BE4280 /* BarGraph.swift */ = {isa = PBXFileReference; fileEncoding = 4; lastKnownFileType = sourcecode.swift; path = BarGraph.swift; sourceTree = "<group>"; };
		99D3C5D11CEAB760000D00AA /* Data Viewer.app */ = {isa = PBXFileReference; explicitFileType = wrapper.application; includeInIndex = 0; path = "Data Viewer.app"; sourceTree = BUILT_PRODUCTS_DIR; };
		99D3C5D41CEAB760000D00AA /* AppDelegate.swift */ = {isa = PBXFileReference; lastKnownFileType = sourcecode.swift; path = AppDelegate.swift; sourceTree = "<group>"; };
		99D3C5D61CEAB760000D00AA /* ViewController.swift */ = {isa = PBXFileReference; lastKnownFileType = sourcecode.swift; path = ViewController.swift; sourceTree = "<group>"; };
		99D3C5D91CEAB760000D00AA /* Base */ = {isa = PBXFileReference; lastKnownFileType = file.storyboard; name = Base; path = Base.lproj/Main.storyboard; sourceTree = "<group>"; };
		99D3C5DB1CEAB760000D00AA /* Assets.xcassets */ = {isa = PBXFileReference; lastKnownFileType = folder.assetcatalog; path = Assets.xcassets; sourceTree = "<group>"; };
		99D3C5DE1CEAB760000D00AA /* Base */ = {isa = PBXFileReference; lastKnownFileType = file.storyboard; name = Base; path = Base.lproj/LaunchScreen.storyboard; sourceTree = "<group>"; };
		99D3C5E01CEAB760000D00AA /* Info.plist */ = {isa = PBXFileReference; lastKnownFileType = text.plist.xml; path = Info.plist; sourceTree = "<group>"; };
/* End PBXFileReference section */

/* Begin PBXFrameworksBuildPhase section */
		99D3C5CE1CEAB760000D00AA /* Frameworks */ = {
			isa = PBXFrameworksBuildPhase;
			buildActionMask = 2147483647;
			files = (
			);
			runOnlyForDeploymentPostprocessing = 0;
		};
/* End PBXFrameworksBuildPhase section */

/* Begin PBXGroup section */
		994540821CEC09D700E3238E /* Grapher */ = {
			isa = PBXGroup;
			children = (
				99530CD91CECD1560068ACD2 /* AxisLabel.swift */,
				99530CDB1CECD66D0068ACD2 /* GridView.swift */,
				994540831CEC09F000E3238E /* PointLineGraph.swift */,
				99B7B2CE1CED56ED00BE4280 /* BarGraph.swift */,
			);
			name = Grapher;
			sourceTree = "<group>";
		};
		99D3C5C81CEAB760000D00AA = {
			isa = PBXGroup;
			children = (
				99D3C5D31CEAB760000D00AA /* Data Viewer */,
				99D3C5D21CEAB760000D00AA /* Products */,
			);
			sourceTree = "<group>";
		};
		99D3C5D21CEAB760000D00AA /* Products */ = {
			isa = PBXGroup;
			children = (
				99D3C5D11CEAB760000D00AA /* Data Viewer.app */,
			);
			name = Products;
			sourceTree = "<group>";
		};
		99D3C5D31CEAB760000D00AA /* Data Viewer */ = {
			isa = PBXGroup;
			children = (
				99D3C5D41CEAB760000D00AA /* AppDelegate.swift */,
				99D3C5D61CEAB760000D00AA /* ViewController.swift */,
				994540821CEC09D700E3238E /* Grapher */,
				99D3C5D81CEAB760000D00AA /* Main.storyboard */,
				99D3C5DB1CEAB760000D00AA /* Assets.xcassets */,
				99D3C5DD1CEAB760000D00AA /* LaunchScreen.storyboard */,
				99D3C5E01CEAB760000D00AA /* Info.plist */,
			);
			path = "Data Viewer";
			sourceTree = "<group>";
		};
/* End PBXGroup section */

/* Begin PBXNativeTarget section */
		99D3C5D01CEAB760000D00AA /* Data Viewer */ = {
			isa = PBXNativeTarget;
			buildConfigurationList = 99D3C5E31CEAB760000D00AA /* Build configuration list for PBXNativeTarget "Data Viewer" */;
			buildPhases = (
				99D3C5CD1CEAB760000D00AA /* Sources */,
				99D3C5CE1CEAB760000D00AA /* Frameworks */,
				99D3C5CF1CEAB760000D00AA /* Resources */,
			);
			buildRules = (
			);
			dependencies = (
			);
			name = "Data Viewer";
			productName = "Data Viewer";
			productReference = 99D3C5D11CEAB760000D00AA /* Data Viewer.app */;
			productType = "com.apple.product-type.application";
		};
/* End PBXNativeTarget section */

/* Begin PBXProject section */
		99D3C5C91CEAB760000D00AA /* Project object */ = {
			isa = PBXProject;
			attributes = {
				LastSwiftUpdateCheck = 0730;
				LastUpgradeCheck = 0730;
				ORGANIZATIONNAME = "Ragoware LLC";
				TargetAttributes = {
					99D3C5D01CEAB760000D00AA = {
						CreatedOnToolsVersion = 7.3.1;
					};
				};
			};
			buildConfigurationList = 99D3C5CC1CEAB760000D00AA /* Build configuration list for PBXProject "Data Viewer" */;
			compatibilityVersion = "Xcode 3.2";
			developmentRegion = English;
			hasScannedForEncodings = 0;
			knownRegions = (
				en,
				Base,
			);
			mainGroup = 99D3C5C81CEAB760000D00AA;
			productRefGroup = 99D3C5D21CEAB760000D00AA /* Products */;
			projectDirPath = "";
			projectRoot = "";
			targets = (
				99D3C5D01CEAB760000D00AA /* Data Viewer */,
			);
		};
/* End PBXProject section */

/* Begin PBXResourcesBuildPhase section */
		99D3C5CF1CEAB760000D00AA /* Resources */ = {
			isa = PBXResourcesBuildPhase;
			buildActionMask = 2147483647;
			files = (
				99D3C5DF1CEAB760000D00AA /* LaunchScreen.storyboard in Resources */,
				99D3C5DC1CEAB760000D00AA /* Assets.xcassets in Resources */,
				99D3C5DA1CEAB760000D00AA /* Main.storyboard in Resources */,
			);
			runOnlyForDeploymentPostprocessing = 0;
		};
/* End PBXResourcesBuildPhase section */

/* Begin PBXSourcesBuildPhase section */
		99D3C5CD1CEAB760000D00AA /* Sources */ = {
			isa = PBXSourcesBuildPhase;
			buildActionMask = 2147483647;
			files = (
				99B7B2CF1CED56ED00BE4280 /* BarGraph.swift in Sources */,
				994540841CEC09F000E3238E /* PointLineGraph.swift in Sources */,
				99D3C5D71CEAB760000D00AA /* ViewController.swift in Sources */,
				99D3C5D51CEAB760000D00AA /* AppDelegate.swift in Sources */,
				99530CDC1CECD66D0068ACD2 /* GridView.swift in Sources */,
				99530CDA1CECD1560068ACD2 /* AxisLabel.swift in Sources */,
			);
			runOnlyForDeploymentPostprocessing = 0;
		};
/* End PBXSourcesBuildPhase section */

/* Begin PBXVariantGroup section */
		99D3C5D81CEAB760000D00AA /* Main.storyboard */ = {
			isa = PBXVariantGroup;
			children = (
				99D3C5D91CEAB760000D00AA /* Base */,
			);
			name = Main.storyboard;
			sourceTree = "<group>";
		};
		99D3C5DD1CEAB760000D00AA /* LaunchScreen.storyboard */ = {
			isa = PBXVariantGroup;
			children = (
				99D3C5DE1CEAB760000D00AA /* Base */,
			);
			name = LaunchScreen.storyboard;
			sourceTree = "<group>";
		};
/* End PBXVariantGroup section */

/* Begin XCBuildConfiguration section */
		99D3C5E11CEAB760000D00AA /* Debug */ = {
			isa = XCBuildConfiguration;
			buildSettings = {
				ALWAYS_SEARCH_USER_PATHS = NO;
				CLANG_ANALYZER_NONNULL = YES;
				CLANG_CXX_LANGUAGE_STANDARD = "gnu++0x";
				CLANG_CXX_LIBRARY = "libc++";
				CLANG_ENABLE_MODULES = YES;
				CLANG_ENABLE_OBJC_ARC = YES;
				CLANG_WARN_BOOL_CONVERSION = YES;
				CLANG_WARN_CONSTANT_CONVERSION = YES;
				CLANG_WARN_DIRECT_OBJC_ISA_USAGE = YES_ERROR;
				CLANG_WARN_EMPTY_BODY = YES;
				CLANG_WARN_ENUM_CONVERSION = YES;
				CLANG_WARN_INT_CONVERSION = YES;
				CLANG_WARN_OBJC_ROOT_CLASS = YES_ERROR;
				CLANG_WARN_UNREACHABLE_CODE = YES;
				CLANG_WARN__DUPLICATE_METHOD_MATCH = YES;
				"CODE_SIGN_IDENTITY[sdk=iphoneos*]" = "iPhone Developer";
				COPY_PHASE_STRIP = NO;
				DEBUG_INFORMATION_FORMAT = dwarf;
				ENABLE_STRICT_OBJC_MSGSEND = YES;
				ENABLE_TESTABILITY = YES;
				GCC_C_LANGUAGE_STANDARD = gnu99;
				GCC_DYNAMIC_NO_PIC = NO;
				GCC_NO_COMMON_BLOCKS = YES;
				GCC_OPTIMIZATION_LEVEL = 0;
				GCC_PREPROCESSOR_DEFINITIONS = (
					"DEBUG=1",
					"$(inherited)",
				);
				GCC_WARN_64_TO_32_BIT_CONVERSION = YES;
				GCC_WARN_ABOUT_RETURN_TYPE = YES_ERROR;
				GCC_WARN_UNDECLARED_SELECTOR = YES;
				GCC_WARN_UNINITIALIZED_AUTOS = YES_AGGRESSIVE;
				GCC_WARN_UNUSED_FUNCTION = YES;
				GCC_WARN_UNUSED_VARIABLE = YES;
				IPHONEOS_DEPLOYMENT_TARGET = 9.3;
				MTL_ENABLE_DEBUG_INFO = YES;
				ONLY_ACTIVE_ARCH = YES;
				SDKROOT = iphoneos;
				SWIFT_OPTIMIZATION_LEVEL = "-Onone";
			};
			name = Debug;
		};
		99D3C5E21CEAB760000D00AA /* Release */ = {
			isa = XCBuildConfiguration;
			buildSettings = {
				ALWAYS_SEARCH_USER_PATHS = NO;
				CLANG_ANALYZER_NONNULL = YES;
				CLANG_CXX_LANGUAGE_STANDARD = "gnu++0x";
				CLANG_CXX_LIBRARY = "libc++";
				CLANG_ENABLE_MODULES = YES;
				CLANG_ENABLE_OBJC_ARC = YES;
				CLANG_WARN_BOOL_CONVERSION = YES;
				CLANG_WARN_CONSTANT_CONVERSION = YES;
				CLANG_WARN_DIRECT_OBJC_ISA_USAGE = YES_ERROR;
				CLANG_WARN_EMPTY_BODY = YES;
				CLANG_WARN_ENUM_CONVERSION = YES;
				CLANG_WARN_INT_CONVERSION = YES;
				CLANG_WARN_OBJC_ROOT_CLASS = YES_ERROR;
				CLANG_WARN_UNREACHABLE_CODE = YES;
				CLANG_WARN__DUPLICATE_METHOD_MATCH = YES;
				"CODE_SIGN_IDENTITY[sdk=iphoneos*]" = "iPhone Developer";
				COPY_PHASE_STRIP = NO;
				DEBUG_INFORMATION_FORMAT = "dwarf-with-dsym";
				ENABLE_NS_ASSERTIONS = NO;
				ENABLE_STRICT_OBJC_MSGSEND = YES;
				GCC_C_LANGUAGE_STANDARD = gnu99;
				GCC_NO_COMMON_BLOCKS = YES;
				GCC_WARN_64_TO_32_BIT_CONVERSION = YES;
				GCC_WARN_ABOUT_RETURN_TYPE = YES_ERROR;
				GCC_WARN_UNDECLARED_SELECTOR = YES;
				GCC_WARN_UNINITIALIZED_AUTOS = YES_AGGRESSIVE;
				GCC_WARN_UNUSED_FUNCTION = YES;
				GCC_WARN_UNUSED_VARIABLE = YES;
				IPHONEOS_DEPLOYMENT_TARGET = 9.3;
				MTL_ENABLE_DEBUG_INFO = NO;
				SDKROOT = iphoneos;
				VALIDATE_PRODUCT = YES;
			};
			name = Release;
		};
		99D3C5E41CEAB760000D00AA /* Debug */ = {
			isa = XCBuildConfiguration;
			buildSettings = {
				ASSETCATALOG_COMPILER_APPICON_NAME = AppIcon;
				INFOPLIST_FILE = "Data Viewer/Info.plist";
				IPHONEOS_DEPLOYMENT_TARGET = 9.0;
				LD_RUNPATH_SEARCH_PATHS = "$(inherited) @executable_path/Frameworks";
				PRODUCT_BUNDLE_IDENTIFIER = "Ragoware-LLC.Data-Viewer";
				PRODUCT_NAME = "$(TARGET_NAME)";
			};
			name = Debug;
		};
		99D3C5E51CEAB760000D00AA /* Release */ = {
			isa = XCBuildConfiguration;
			buildSettings = {
				ASSETCATALOG_COMPILER_APPICON_NAME = AppIcon;
				INFOPLIST_FILE = "Data Viewer/Info.plist";
				IPHONEOS_DEPLOYMENT_TARGET = 9.0;
				LD_RUNPATH_SEARCH_PATHS = "$(inherited) @executable_path/Frameworks";
				PRODUCT_BUNDLE_IDENTIFIER = "Ragoware-LLC.Data-Viewer";
				PRODUCT_NAME = "$(TARGET_NAME)";
			};
			name = Release;
		};
/* End XCBuildConfiguration section */

/* Begin XCConfigurationList section */
		99D3C5CC1CEAB760000D00AA /* Build configuration list for PBXProject "Data Viewer" */ = {
			isa = XCConfigurationList;
			buildConfigurations = (
				99D3C5E11CEAB760000D00AA /* Debug */,
				99D3C5E21CEAB760000D00AA /* Release */,
			);
			defaultConfigurationIsVisible = 0;
			defaultConfigurationName = Release;
		};
		99D3C5E31CEAB760000D00AA /* Build configuration list for PBXNativeTarget "Data Viewer" */ = {
			isa = XCConfigurationList;
			buildConfigurations = (
				99D3C5E41CEAB760000D00AA /* Debug */,
				99D3C5E51CEAB760000D00AA /* Release */,
			);
			defaultConfigurationIsVisible = 0;
			defaultConfigurationName = Release;
		};
/* End XCConfigurationList section */
	};
	rootObject = 99D3C5C91CEAB760000D00AA /* Project object */;
}
